// !$*UTF8*$!
{
	archiveVersion = 1;
	classes = {
	};
	objectVersion = 46;
	objects = {

/* Begin PBXBuildFile section */
		C9E8D1E01A81C9C9002CC971 /* main.m in Sources */ = {isa = PBXBuildFile; fileRef = C9E8D1DF1A81C9C9002CC971 /* main.m */; };
		C9E8D1E31A81C9CA002CC971 /* AppDelegate.m in Sources */ = {isa = PBXBuildFile; fileRef = C9E8D1E21A81C9CA002CC971 /* AppDelegate.m */; };
		C9E8D1E61A81C9CA002CC971 /* ViewController.m in Sources */ = {isa = PBXBuildFile; fileRef = C9E8D1E51A81C9CA002CC971 /* ViewController.m */; };
		C9E8D1E91A81C9CA002CC971 /* Main.storyboard in Resources */ = {isa = PBXBuildFile; fileRef = C9E8D1E71A81C9CA002CC971 /* Main.storyboard */; };
		C9E8D1EB1A81C9CA002CC971 /* Images.xcassets in Resources */ = {isa = PBXBuildFile; fileRef = C9E8D1EA1A81C9CA002CC971 /* Images.xcassets */; };
		C9E8D1EE1A81C9CA002CC971 /* LaunchScreen.xib in Resources */ = {isa = PBXBuildFile; fileRef = C9E8D1EC1A81C9CA002CC971 /* LaunchScreen.xib */; };
		C9E8D1FA1A81C9CA002CC971 /* AlertExampleTests.m in Sources */ = {isa = PBXBuildFile; fileRef = C9E8D1F91A81C9CA002CC971 /* AlertExampleTests.m */; };
/* End PBXBuildFile section */

/* Begin PBXContainerItemProxy section */
		C9E8D1F41A81C9CA002CC971 /* PBXContainerItemProxy */ = {
			isa = PBXContainerItemProxy;
			containerPortal = C9E8D1D21A81C9C8002CC971 /* Project object */;
			proxyType = 1;
			remoteGlobalIDString = C9E8D1D91A81C9C8002CC971;
			remoteInfo = AlertExample;
		};
/* End PBXContainerItemProxy section */

/* Begin PBXFileReference section */
		C9E8D1DA1A81C9C8002CC971 /* AlertExample.app */ = {isa = PBXFileReference; explicitFileType = wrapper.application; includeInIndex = 0; path = AlertExample.app; sourceTree = BUILT_PRODUCTS_DIR; };
		C9E8D1DE1A81C9C9002CC971 /* Info.plist */ = {isa = PBXFileReference; lastKnownFileType = text.plist.xml; path = Info.plist; sourceTree = "<group>"; };
		C9E8D1DF1A81C9C9002CC971 /* main.m */ = {isa = PBXFileReference; lastKnownFileType = sourcecode.c.objc; path = main.m; sourceTree = "<group>"; };
		C9E8D1E11A81C9C9002CC971 /* AppDelegate.h */ = {isa = PBXFileReference; lastKnownFileType = sourcecode.c.h; path = AppDelegate.h; sourceTree = "<group>"; };
		C9E8D1E21A81C9CA002CC971 /* AppDelegate.m */ = {isa = PBXFileReference; lastKnownFileType = sourcecode.c.objc; path = AppDelegate.m; sourceTree = "<group>"; };
		C9E8D1E41A81C9CA002CC971 /* ViewController.h */ = {isa = PBXFileReference; lastKnownFileType = sourcecode.c.h; path = ViewController.h; sourceTree = "<group>"; };
		C9E8D1E51A81C9CA002CC971 /* ViewController.m */ = {isa = PBXFileReference; lastKnownFileType = sourcecode.c.objc; path = ViewController.m; sourceTree = "<group>"; };
		C9E8D1E81A81C9CA002CC971 /* Base */ = {isa = PBXFileReference; lastKnownFileType = file.storyboard; name = Base; path = Base.lproj/Main.storyboard; sourceTree = "<group>"; };
		C9E8D1EA1A81C9CA002CC971 /* Images.xcassets */ = {isa = PBXFileReference; lastKnownFileType = folder.assetcatalog; path = Images.xcassets; sourceTree = "<group>"; };
		C9E8D1ED1A81C9CA002CC971 /* Base */ = {isa = PBXFileReference; lastKnownFileType = file.xib; name = Base; path = Base.lproj/LaunchScreen.xib; sourceTree = "<group>"; };
		C9E8D1F31A81C9CA002CC971 /* AlertExampleTests.xctest */ = {isa = PBXFileReference; explicitFileType = wrapper.cfbundle; includeInIndex = 0; path = AlertExampleTests.xctest; sourceTree = BUILT_PRODUCTS_DIR; };
		C9E8D1F81A81C9CA002CC971 /* Info.plist */ = {isa = PBXFileReference; lastKnownFileType = text.plist.xml; path = Info.plist; sourceTree = "<group>"; };
		C9E8D1F91A81C9CA002CC971 /* AlertExampleTests.m */ = {isa = PBXFileReference; lastKnownFileType = sourcecode.c.objc; path = AlertExampleTests.m; sourceTree = "<group>"; };
/* End PBXFileReference section */

/* Begin PBXFrameworksBuildPhase section */
		C9E8D1D71A81C9C8002CC971 /* Frameworks */ = {
			isa = PBXFrameworksBuildPhase;
			buildActionMask = 2147483647;
			files = (
			);
			runOnlyForDeploymentPostprocessing = 0;
		};
		C9E8D1F01A81C9CA002CC971 /* Frameworks */ = {
			isa = PBXFrameworksBuildPhase;
			buildActionMask = 2147483647;
			files = (
			);
			runOnlyForDeploymentPostprocessing = 0;
		};
/* End PBXFrameworksBuildPhase section */

/* Begin PBXGroup section */
		C9E8D1D11A81C9C8002CC971 = {
			isa = PBXGroup;
			children = (
				C9E8D1DC1A81C9C8002CC971 /* AlertExample */,
				C9E8D1F61A81C9CA002CC971 /* AlertExampleTests */,
				C9E8D1DB1A81C9C8002CC971 /* Products */,
			);
			sourceTree = "<group>";
		};
		C9E8D1DB1A81C9C8002CC971 /* Products */ = {
			isa = PBXGroup;
			children = (
				C9E8D1DA1A81C9C8002CC971 /* AlertExample.app */,
				C9E8D1F31A81C9CA002CC971 /* AlertExampleTests.xctest */,
			);
			name = Products;
			sourceTree = "<group>";
		};
		C9E8D1DC1A81C9C8002CC971 /* AlertExample */ = {
			isa = PBXGroup;
			children = (
				C9E8D1E11A81C9C9002CC971 /* AppDelegate.h */,
				C9E8D1E21A81C9CA002CC971 /* AppDelegate.m */,
				C9E8D1E41A81C9CA002CC971 /* ViewController.h */,
				C9E8D1E51A81C9CA002CC971 /* ViewController.m */,
				C9E8D1E71A81C9CA002CC971 /* Main.storyboard */,
				C9E8D1EA1A81C9CA002CC971 /* Images.xcassets */,
				C9E8D1EC1A81C9CA002CC971 /* LaunchScreen.xib */,
				C9E8D1DD1A81C9C9002CC971 /* Supporting Files */,
			);
			path = AlertExample;
			sourceTree = "<group>";
		};
		C9E8D1DD1A81C9C9002CC971 /* Supporting Files */ = {
			isa = PBXGroup;
			children = (
				C9E8D1DE1A81C9C9002CC971 /* Info.plist */,
				C9E8D1DF1A81C9C9002CC971 /* main.m */,
			);
			name = "Supporting Files";
			sourceTree = "<group>";
		};
		C9E8D1F61A81C9CA002CC971 /* AlertExampleTests */ = {
			isa = PBXGroup;
			children = (
				C9E8D1F91A81C9CA002CC971 /* AlertExampleTests.m */,
				C9E8D1F71A81C9CA002CC971 /* Supporting Files */,
			);
			path = AlertExampleTests;
			sourceTree = "<group>";
		};
		C9E8D1F71A81C9CA002CC971 /* Supporting Files */ = {
			isa = PBXGroup;
			children = (
				C9E8D1F81A81C9CA002CC971 /* Info.plist */,
			);
			name = "Supporting Files";
			sourceTree = "<group>";
		};
/* End PBXGroup section */

/* Begin PBXNativeTarget section */
		C9E8D1D91A81C9C8002CC971 /* AlertExample */ = {
			isa = PBXNativeTarget;
			buildConfigurationList = C9E8D1FD1A81C9CA002CC971 /* Build configuration list for PBXNativeTarget "AlertExample" */;
			buildPhases = (
				C9E8D1D61A81C9C8002CC971 /* Sources */,
				C9E8D1D71A81C9C8002CC971 /* Frameworks */,
				C9E8D1D81A81C9C8002CC971 /* Resources */,
			);
			buildRules = (
			);
			dependencies = (
			);
			name = AlertExample;
			productName = AlertExample;
			productReference = C9E8D1DA1A81C9C8002CC971 /* AlertExample.app */;
			productType = "com.apple.product-type.application";
		};
		C9E8D1F21A81C9CA002CC971 /* AlertExampleTests */ = {
			isa = PBXNativeTarget;
			buildConfigurationList = C9E8D2001A81C9CA002CC971 /* Build configuration list for PBXNativeTarget "AlertExampleTests" */;
			buildPhases = (
				C9E8D1EF1A81C9CA002CC971 /* Sources */,
				C9E8D1F01A81C9CA002CC971 /* Frameworks */,
				C9E8D1F11A81C9CA002CC971 /* Resources */,
			);
			buildRules = (
			);
			dependencies = (
				C9E8D1F51A81C9CA002CC971 /* PBXTargetDependency */,
			);
			name = AlertExampleTests;
			productName = AlertExampleTests;
			productReference = C9E8D1F31A81C9CA002CC971 /* AlertExampleTests.xctest */;
			productType = "com.apple.product-type.bundle.unit-test";
		};
/* End PBXNativeTarget section */

/* Begin PBXProject section */
		C9E8D1D21A81C9C8002CC971 /* Project object */ = {
			isa = PBXProject;
			attributes = {
				LastUpgradeCheck = 0610;
				ORGANIZATIONNAME = ChenYaoqiang;
				TargetAttributes = {
					C9E8D1D91A81C9C8002CC971 = {
						CreatedOnToolsVersion = 6.1;
					};
					C9E8D1F21A81C9CA002CC971 = {
						CreatedOnToolsVersion = 6.1;
						TestTargetID = C9E8D1D91A81C9C8002CC971;
					};
				};
			};
			buildConfigurationList = C9E8D1D51A81C9C8002CC971 /* Build configuration list for PBXProject "AlertExample" */;
			compatibilityVersion = "Xcode 3.2";
			developmentRegion = English;
			hasScannedForEncodings = 0;
			knownRegions = (
				en,
				Base,
			);
			mainGroup = C9E8D1D11A81C9C8002CC971;
			productRefGroup = C9E8D1DB1A81C9C8002CC971 /* Products */;
			projectDirPath = "";
			projectRoot = "";
			targets = (
				C9E8D1D91A81C9C8002CC971 /* AlertExample */,
				C9E8D1F21A81C9CA002CC971 /* AlertExampleTests */,
			);
		};
/* End PBXProject section */

/* Begin PBXResourcesBuildPhase section */
		C9E8D1D81A81C9C8002CC971 /* Resources */ = {
			isa = PBXResourcesBuildPhase;
			buildActionMask = 2147483647;
			files = (
				C9E8D1E91A81C9CA002CC971 /* Main.storyboard in Resources */,
				C9E8D1EE1A81C9CA002CC971 /* LaunchScreen.xib in Resources */,
				C9E8D1EB1A81C9CA002CC971 /* Images.xcassets in Resources */,
			);
			runOnlyForDeploymentPostprocessing = 0;
		};
		C9E8D1F11A81C9CA002CC971 /* Resources */ = {
			isa = PBXResourcesBuildPhase;
			buildActionMask = 2147483647;
			files = (
			);
			runOnlyForDeploymentPostprocessing = 0;
		};
/* End PBXResourcesBuildPhase section */

/* Begin PBXSourcesBuildPhase section */
		C9E8D1D61A81C9C8002CC971 /* Sources */ = {
			isa = PBXSourcesBuildPhase;
			buildActionMask = 2147483647;
			files = (
				C9E8D1E61A81C9CA002CC971 /* ViewController.m in Sources */,
				C9E8D1E31A81C9CA002CC971 /* AppDelegate.m in Sources */,
				C9E8D1E01A81C9C9002CC971 /* main.m in Sources */,
			);
			runOnlyForDeploymentPostprocessing = 0;
		};
		C9E8D1EF1A81C9CA002CC971 /* Sources */ = {
			isa = PBXSourcesBuildPhase;
			buildActionMask = 2147483647;
			files = (
				C9E8D1FA1A81C9CA002CC971 /* AlertExampleTests.m in Sources */,
			);
			runOnlyForDeploymentPostprocessing = 0;
		};
/* End PBXSourcesBuildPhase section */

/* Begin PBXTargetDependency section */
		C9E8D1F51A81C9CA002CC971 /* PBXTargetDependency */ = {
			isa = PBXTargetDependency;
			target = C9E8D1D91A81C9C8002CC971 /* AlertExample */;
			targetProxy = C9E8D1F41A81C9CA002CC971 /* PBXContainerItemProxy */;
		};
/* End PBXTargetDependency section */

/* Begin PBXVariantGroup section */
		C9E8D1E71A81C9CA002CC971 /* Main.storyboard */ = {
			isa = PBXVariantGroup;
			children = (
				C9E8D1E81A81C9CA002CC971 /* Base */,
			);
			name = Main.storyboard;
			sourceTree = "<group>";
		};
		C9E8D1EC1A81C9CA002CC971 /* LaunchScreen.xib */ = {
			isa = PBXVariantGroup;
			children = (
				C9E8D1ED1A81C9CA002CC971 /* Base */,
			);
			name = LaunchScreen.xib;
			sourceTree = "<group>";
		};
/* End PBXVariantGroup section */

/* Begin XCBuildConfiguration section */
		C9E8D1FB1A81C9CA002CC971 /* Debug */ = {
			isa = XCBuildConfiguration;
			buildSettings = {
				ALWAYS_SEARCH_USER_PATHS = NO;
				CLANG_CXX_LANGUAGE_STANDARD = "gnu++0x";
				CLANG_CXX_LIBRARY = "libc++";
				CLANG_ENABLE_MODULES = YES;
				CLANG_ENABLE_OBJC_ARC = YES;
				CLANG_WARN_BOOL_CONVERSION = YES;
				CLANG_WARN_CONSTANT_CONVERSION = YES;
				CLANG_WARN_DIRECT_OBJC_ISA_USAGE = YES_ERROR;
				CLANG_WARN_EMPTY_BODY = YES;
				CLANG_WARN_ENUM_CONVERSION = YES;
				CLANG_WARN_INT_CONVERSION = YES;
				CLANG_WARN_OBJC_ROOT_CLASS = YES_ERROR;
				CLANG_WARN_UNREACHABLE_CODE = YES;
				CLANG_WARN__DUPLICATE_METHOD_MATCH = YES;
				"CODE_SIGN_IDENTITY[sdk=iphoneos*]" = "iPhone Developer";
				COPY_PHASE_STRIP = NO;
				ENABLE_STRICT_OBJC_MSGSEND = YES;
				GCC_C_LANGUAGE_STANDARD = gnu99;
				GCC_DYNAMIC_NO_PIC = NO;
				GCC_OPTIMIZATION_LEVEL = 0;
				GCC_PREPROCESSOR_DEFINITIONS = (
					"DEBUG=1",
					"$(inherited)",
				);
				GCC_SYMBOLS_PRIVATE_EXTERN = NO;
				GCC_WARN_64_TO_32_BIT_CONVERSION = YES;
				GCC_WARN_ABOUT_RETURN_TYPE = YES_ERROR;
				GCC_WARN_UNDECLARED_SELECTOR = YES;
				GCC_WARN_UNINITIALIZED_AUTOS = YES_AGGRESSIVE;
				GCC_WARN_UNUSED_FUNCTION = YES;
				GCC_WARN_UNUSED_VARIABLE = YES;
				IPHONEOS_DEPLOYMENT_TARGET = 8.1;
				MTL_ENABLE_DEBUG_INFO = YES;
				ONLY_ACTIVE_ARCH = YES;
				SDKROOT = iphoneos;
			};
			name = Debug;
		};
		C9E8D1FC1A81C9CA002CC971 /* Release */ = {
			isa = XCBuildConfiguration;
			buildSettings = {
				ALWAYS_SEARCH_USER_PATHS = NO;
				CLANG_CXX_LANGUAGE_STANDARD = "gnu++0x";
				CLANG_CXX_LIBRARY = "libc++";
				CLANG_ENABLE_MODULES = YES;
				CLANG_ENABLE_OBJC_ARC = YES;
				CLANG_WARN_BOOL_CONVERSION = YES;
				CLANG_WARN_CONSTANT_CONVERSION = YES;
				CLANG_WARN_DIRECT_OBJC_ISA_USAGE = YES_ERROR;
				CLANG_WARN_EMPTY_BODY = YES;
				CLANG_WARN_ENUM_CONVERSION = YES;
				CLANG_WARN_INT_CONVERSION = YES;
				CLANG_WARN_OBJC_ROOT_CLASS = YES_ERROR;
				CLANG_WARN_UNREACHABLE_CODE = YES;
				CLANG_WARN__DUPLICATE_METHOD_MATCH = YES;
				"CODE_SIGN_IDENTITY[sdk=iphoneos*]" = "iPhone Developer";
				COPY_PHASE_STRIP = YES;
				ENABLE_NS_ASSERTIONS = NO;
				ENABLE_STRICT_OBJC_MSGSEND = YES;
				GCC_C_LANGUAGE_STANDARD = gnu99;
				GCC_WARN_64_TO_32_BIT_CONVERSION = YES;
				GCC_WARN_ABOUT_RETURN_TYPE = YES_ERROR;
				GCC_WARN_UNDECLARED_SELECTOR = YES;
				GCC_WARN_UNINITIALIZED_AUTOS = YES_AGGRESSIVE;
				GCC_WARN_UNUSED_FUNCTION = YES;
				GCC_WARN_UNUSED_VARIABLE = YES;
				IPHONEOS_DEPLOYMENT_TARGET = 8.1;
				MTL_ENABLE_DEBUG_INFO = NO;
				SDKROOT = iphoneos;
				VALIDATE_PRODUCT = YES;
			};
			name = Release;
		};
		C9E8D1FE1A81C9CA002CC971 /* Debug */ = {
			isa = XCBuildConfiguration;
			buildSettings = {
				ASSETCATALOG_COMPILER_APPICON_NAME = AppIcon;
				INFOPLIST_FILE = AlertExample/Info.plist;
				LD_RUNPATH_SEARCH_PATHS = "$(inherited) @executable_path/Frameworks";
				PRODUCT_NAME = "$(TARGET_NAME)";
			};
			name = Debug;
		};
		C9E8D1FF1A81C9CA002CC971 /* Release */ = {
			isa = XCBuildConfiguration;
			buildSettings = {
				ASSETCATALOG_COMPILER_APPICON_NAME = AppIcon;
				INFOPLIST_FILE = AlertExample/Info.plist;
				LD_RUNPATH_SEARCH_PATHS = "$(inherited) @executable_path/Frameworks";
				PRODUCT_NAME = "$(TARGET_NAME)";
			};
			name = Release;
		};
		C9E8D2011A81C9CA002CC971 /* Debug */ = {
			isa = XCBuildConfiguration;
			buildSettings = {
				BUNDLE_LOADER = "$(TEST_HOST)";
				FRAMEWORK_SEARCH_PATHS = (
					"$(SDKROOT)/Developer/Library/Frameworks",
					"$(inherited)",
				);
				GCC_PREPROCESSOR_DEFINITIONS = (
					"DEBUG=1",
					"$(inherited)",
				);
				INFOPLIST_FILE = AlertExampleTests/Info.plist;
				LD_RUNPATH_SEARCH_PATHS = "$(inherited) @executable_path/Frameworks @loader_path/Frameworks";
				PRODUCT_NAME = "$(TARGET_NAME)";
				TEST_HOST = "$(BUILT_PRODUCTS_DIR)/AlertExample.app/AlertExample";
			};
			name = Debug;
		};
		C9E8D2021A81C9CA002CC971 /* Release */ = {
			isa = XCBuildConfiguration;
			buildSettings = {
				BUNDLE_LOADER = "$(TEST_HOST)";
				FRAMEWORK_SEARCH_PATHS = (
					"$(SDKROOT)/Developer/Library/Frameworks",
					"$(inherited)",
				);
				INFOPLIST_FILE = AlertExampleTests/Info.plist;
				LD_RUNPATH_SEARCH_PATHS = "$(inherited) @executable_path/Frameworks @loader_path/Frameworks";
				PRODUCT_NAME = "$(TARGET_NAME)";
				TEST_HOST = "$(BUILT_PRODUCTS_DIR)/AlertExample.app/AlertExample";
			};
			name = Release;
		};
/* End XCBuildConfiguration section */

/* Begin XCConfigurationList section */
		C9E8D1D51A81C9C8002CC971 /* Build configuration list for PBXProject "AlertExample" */ = {
			isa = XCConfigurationList;
			buildConfigurations = (
				C9E8D1FB1A81C9CA002CC971 /* Debug */,
				C9E8D1FC1A81C9CA002CC971 /* Release */,
			);
			defaultConfigurationIsVisible = 0;
			defaultConfigurationName = Release;
		};
		C9E8D1FD1A81C9CA002CC971 /* Build configuration list for PBXNativeTarget "AlertExample" */ = {
			isa = XCConfigurationList;
			buildConfigurations = (
				C9E8D1FE1A81C9CA002CC971 /* Debug */,
				C9E8D1FF1A81C9CA002CC971 /* Release */,
			);
			defaultConfigurationIsVisible = 0;
		};
		C9E8D2001A81C9CA002CC971 /* Build configuration list for PBXNativeTarget "AlertExampleTests" */ = {
			isa = XCConfigurationList;
			buildConfigurations = (
				C9E8D2011A81C9CA002CC971 /* Debug */,
				C9E8D2021A81C9CA002CC971 /* Release */,
			);
			defaultConfigurationIsVisible = 0;
		};
/* End XCConfigurationList section */
	};
	rootObject = C9E8D1D21A81C9C8002CC971 /* Project object */;
}
